
Microsoft Visual Studio Solution File, Format Version 12.00
# Visual Studio Version 17
VisualStudioVersion = 17.14.36811.4 d17.14
MinimumVisualStudioVersion = 10.0.40219.1
Project("{FAE04EC0-301F-11D3-BF4B-00C04F79EFBC}") = "lab06", "lab06\lab06.csproj", "{297C9E43-F01D-42FA-AC6D-ADB95A774A62}"
EndProject
Global
	GlobalSection(SolutionConfigurationPlatforms) = preSolution
		Debug|Any CPU = Debug|Any CPU
		Release|Any CPU = Release|Any CPU
	EndGlobalSection
	GlobalSection(ProjectConfigurationPlatforms) = postSolution
		{297C9E43-F01D-42FA-AC6D-ADB95A774A62}.Debug|Any CPU.ActiveCfg = Debug|Any CPU
		{297C9E43-F01D-42FA-AC6D-ADB95A774A62}.Debug|Any CPU.Build.0 = Debug|Any CPU
		{297C9E43-F01D-42FA-AC6D-ADB95A774A62}.Release|Any CPU.ActiveCfg = Release|Any CPU
		{297C9E43-F01D-42FA-AC6D-ADB95A774A62}.Release|Any CPU.Build.0 = Release|Any CPU
	EndGlobalSection
	GlobalSection(SolutionProperties) = preSolution
		HideSolutionNode = FALSE
	EndGlobalSection
	GlobalSection(ExtensibilityGlobals) = postSolution
		SolutionGuid = {34E67A22-D6C4-4BA1-905B-1047574BDA90}
	EndGlobalSection
EndGlobal
